
Microsoft Visual Studio Solution File, Format Version 12.00
# Visual Studio Version 17
VisualStudioVersion = 17.4.33213.308
MinimumVisualStudioVersion = 10.0.40219.1
Project("{FAE04EC0-301F-11D3-BF4B-00C04F79EFBC}") = "CanvasExamples", "CanvasExamples\CanvasExamples.csproj", "{EACAB4E4-BDC1-432D-BB69-16F2B0911480}"
EndProject
Project("{FAE04EC0-301F-11D3-BF4B-00C04F79EFBC}") = "CanvasExample2", "CanvasExample2\CanvasExample2.csproj", "{B8457044-8A78-40F2-AA36-D4EA39DACC41}"
EndProject
Global
	GlobalSection(SolutionConfigurationPlatforms) = preSolution
		Debug|Any CPU = Debug|Any CPU
		Release|Any CPU = Release|Any CPU
	EndGlobalSection
	GlobalSection(ProjectConfigurationPlatforms) = postSolution
		{EACAB4E4-BDC1-432D-BB69-16F2B0911480}.Debug|Any CPU.ActiveCfg = Debug|Any CPU
		{EACAB4E4-BDC1-432D-BB69-16F2B0911480}.Debug|Any CPU.Build.0 = Debug|Any CPU
		{EACAB4E4-BDC1-432D-BB69-16F2B0911480}.Release|Any CPU.ActiveCfg = Release|Any CPU
		{EACAB4E4-BDC1-432D-BB69-16F2B0911480}.Release|Any CPU.Build.0 = Release|Any CPU
		{B8457044-8A78-40F2-AA36-D4EA39DACC41}.Debug|Any CPU.ActiveCfg = Debug|Any CPU
		{B8457044-8A78-40F2-AA36-D4EA39DACC41}.Debug|Any CPU.Build.0 = Debug|Any CPU
		{B8457044-8A78-40F2-AA36-D4EA39DACC41}.Release|Any CPU.ActiveCfg = Release|Any CPU
		{B8457044-8A78-40F2-AA36-D4EA39DACC41}.Release|Any CPU.Build.0 = Release|Any CPU
	EndGlobalSection
	GlobalSection(SolutionProperties) = preSolution
		HideSolutionNode = FALSE
	EndGlobalSection
	GlobalSection(ExtensibilityGlobals) = postSolution
		SolutionGuid = {2CBEDF03-CDAC-4161-B0CC-5BECCAA4467C}
	EndGlobalSection
EndGlobal
